# THIS IS AN AUTOGENERATED FILE. DO NOT EDIT THIS FILE DIRECTLY.
# yarn lockfile v1


"@prokopschield/argv@^0.1.0":
  version "0.1.0"
  resolved "https://registry.yarnpkg.com/@prokopschield/argv/-/argv-0.1.0.tgz#b441f6e4e0c88828d1d4bb60dd328843ef82f5c5"
  integrity sha512-qxlexMOQjxQEMDrQXPvuyEhK6E8mHZOcG33VpcuRf7ppBCssFVQcZoWsBaEBjWu/ipVAlNPqUg1EXuPFe8HYmQ==

"@prokopschield/mmap@^0.1.0-2":
  version "0.1.0-2"
  resolved "https://registry.yarnpkg.com/@prokopschield/mmap/-/mmap-0.1.0-2.tgz#0fc16f04569627537d739b6989ae7cfb80f73123"
  integrity sha512-YTrcX3ukGiysKSZsGGCwQC9KLai73u+cRaar39DpRqd4WCgq9KL6eiVqPAK67zWAT67zTH4EjwYhViK9WwEPFQ==

"@types/node@>=14":
  version "17.0.42"
  resolved "https://registry.yarnpkg.com/@types/node/-/node-17.0.42.tgz#d7e8f22700efc94d125103075c074396b5f41f9b"
  integrity sha512-Q5BPGyGKcvQgAMbsr7qEGN/kIPN6zZecYYABeTDBizOsau+2NMdSVTar9UQw21A2+JyA2KRNDYaYrPB0Rpk2oQ==

pretty-print-buffer@^0.1.0-3:
  version "0.1.0-3"
  resolved "https://registry.yarnpkg.com/pretty-print-buffer/-/pretty-print-buffer-0.1.0-3.tgz#ff74742c21cbdbe7c01d90e6d962de6fa0c9641d"
  integrity sha512-oQmxEE5NphNP6mTiPuWiYBdNMB+pkIQgfwditVQFC+nkA0Fid2r6P+xHm9/IzZIhs55xNJdo+4nUSGF5nHZHRw==
